// !$*UTF8*$!
{
	archiveVersion = 1;
	classes = {
	};
	objectVersion = 51;
	objects = {

/* Begin PBXBuildFile section */
		2E98E9A32A9F52FC5A43F279 /* Pods_Instagram_InstagramUITests.framework in Frameworks */ = {isa = PBXBuildFile; fileRef = E586A0E07D988D55A45A0365 /* Pods_Instagram_InstagramUITests.framework */; };
		6B7A52D904B4C5D657BC1410 /* Pods_Instagram.framework in Frameworks */ = {isa = PBXBuildFile; fileRef = 4E7C2B1767BC1F2FA4D7567C /* Pods_Instagram.framework */; };
		720A0CAD2579324900E5EAC2 /* Extensions.swift in Sources */ = {isa = PBXBuildFile; fileRef = 720A0CAC2579324900E5EAC2 /* Extensions.swift */; };
		72A4BC2A26D4161C0028ADC5 /* IGFeedPostTableViewCell.swift in Sources */ = {isa = PBXBuildFile; fileRef = 72A4BC2926D4161C0028ADC5 /* IGFeedPostTableViewCell.swift */; };
		72A4BC2D26D418430028ADC5 /* IGFeedPostHeaderTableViewCell.swift in Sources */ = {isa = PBXBuildFile; fileRef = 72A4BC2C26D418430028ADC5 /* IGFeedPostHeaderTableViewCell.swift */; };
		72A4BC2F26D418620028ADC5 /* IGFeedPostActionsTableViewCell.swift in Sources */ = {isa = PBXBuildFile; fileRef = 72A4BC2E26D418620028ADC5 /* IGFeedPostActionsTableViewCell.swift */; };
		72A4BC3126D4188D0028ADC5 /* IGFeedPostGeneralTableViewCell.swift in Sources */ = {isa = PBXBuildFile; fileRef = 72A4BC3026D4188D0028ADC5 /* IGFeedPostGeneralTableViewCell.swift */; };
		72E675C425738CE100A1C852 /* AppDelegate.swift in Sources */ = {isa = PBXBuildFile; fileRef = 72E675C325738CE100A1C852 /* AppDelegate.swift */; };
		72E675C625738CE100A1C852 /* SceneDelegate.swift in Sources */ = {isa = PBXBuildFile; fileRef = 72E675C525738CE100A1C852 /* SceneDelegate.swift */; };
		72E675C825738CE100A1C852 /* HomeViewController.swift in Sources */ = {isa = PBXBuildFile; fileRef = 72E675C725738CE100A1C852 /* HomeViewController.swift */; };
		72E675CB25738CE100A1C852 /* Main.storyboard in Resources */ = {isa = PBXBuildFile; fileRef = 72E675C925738CE100A1C852 /* Main.storyboard */; };
		72E675CD25738CE200A1C852 /* Assets.xcassets in Resources */ = {isa = PBXBuildFile; fileRef = 72E675CC25738CE200A1C852 /* Assets.xcassets */; };
		72E675D025738CE200A1C852 /* LaunchScreen.storyboard in Resources */ = {isa = PBXBuildFile; fileRef = 72E675CE25738CE200A1C852 /* LaunchScreen.storyboard */; };
		72E675DB25738CE200A1C852 /* InstagramTests.swift in Sources */ = {isa = PBXBuildFile; fileRef = 72E675DA25738CE200A1C852 /* InstagramTests.swift */; };
		72E675E625738CE200A1C852 /* InstagramUITests.swift in Sources */ = {isa = PBXBuildFile; fileRef = 72E675E525738CE200A1C852 /* InstagramUITests.swift */; };
		72E6760225738EB400A1C852 /* ExploreViewController.swift in Sources */ = {isa = PBXBuildFile; fileRef = 72E6760125738EB400A1C852 /* ExploreViewController.swift */; };
		72E6760725738EDD00A1C852 /* CameraViewController.swift in Sources */ = {isa = PBXBuildFile; fileRef = 72E6760625738EDD00A1C852 /* CameraViewController.swift */; };
		72E6760C25738EEE00A1C852 /* NotificationsViewController.swift in Sources */ = {isa = PBXBuildFile; fileRef = 72E6760B25738EEE00A1C852 /* NotificationsViewController.swift */; };
		72E6761125738EFA00A1C852 /* ProfileViewController.swift in Sources */ = {isa = PBXBuildFile; fileRef = 72E6761025738EFA00A1C852 /* ProfileViewController.swift */; };
		72E6761C25738F9100A1C852 /* LoginViewController.swift in Sources */ = {isa = PBXBuildFile; fileRef = 72E6761B25738F9100A1C852 /* LoginViewController.swift */; };
		72E6762425738F9F00A1C852 /* RegistrationViewController.swift in Sources */ = {isa = PBXBuildFile; fileRef = 72E6762325738F9F00A1C852 /* RegistrationViewController.swift */; };
		72E6762925738FC800A1C852 /* PostViewController.swift in Sources */ = {isa = PBXBuildFile; fileRef = 72E6762825738FC800A1C852 /* PostViewController.swift */; };
		72E6762E25738FF200A1C852 /* EditProfileViewController.swift in Sources */ = {isa = PBXBuildFile; fileRef = 72E6762D25738FF200A1C852 /* EditProfileViewController.swift */; };
		72E676332573900800A1C852 /* SettingsViewController.swift in Sources */ = {isa = PBXBuildFile; fileRef = 72E676322573900800A1C852 /* SettingsViewController.swift */; };
		72E676392573903C00A1C852 /* SearchViewController.swift in Sources */ = {isa = PBXBuildFile; fileRef = 72E676382573903C00A1C852 /* SearchViewController.swift */; };
		72E676412573905F00A1C852 /* SearchResultViewController.swift in Sources */ = {isa = PBXBuildFile; fileRef = 72E676402573905F00A1C852 /* SearchResultViewController.swift */; };
		72E676462573909A00A1C852 /* PostEditorViewController.swift in Sources */ = {isa = PBXBuildFile; fileRef = 72E676452573909A00A1C852 /* PostEditorViewController.swift */; };
		72E6764B257390B400A1C852 /* PublishPostViewController.swift in Sources */ = {isa = PBXBuildFile; fileRef = 72E6764A257390B400A1C852 /* PublishPostViewController.swift */; };
		72E676E02576B2DD00A1C852 /* GoogleService-Info.plist in Resources */ = {isa = PBXBuildFile; fileRef = 72E676DF2576B2DC00A1C852 /* GoogleService-Info.plist */; };
		72E676E12576B2DD00A1C852 /* GoogleService-Info.plist in Resources */ = {isa = PBXBuildFile; fileRef = 72E676DF2576B2DC00A1C852 /* GoogleService-Info.plist */; };
		72E676E22576B2DD00A1C852 /* GoogleService-Info.plist in Resources */ = {isa = PBXBuildFile; fileRef = 72E676DF2576B2DC00A1C852 /* GoogleService-Info.plist */; };
		72E676F12576B82200A1C852 /* DatabaseManager.swift in Sources */ = {isa = PBXBuildFile; fileRef = 72E676F02576B82200A1C852 /* DatabaseManager.swift */; };
		72E676F22576B82200A1C852 /* DatabaseManager.swift in Sources */ = {isa = PBXBuildFile; fileRef = 72E676F02576B82200A1C852 /* DatabaseManager.swift */; };
		72E676F32576B82200A1C852 /* DatabaseManager.swift in Sources */ = {isa = PBXBuildFile; fileRef = 72E676F02576B82200A1C852 /* DatabaseManager.swift */; };
		72E676F82576B91200A1C852 /* AuthManager.swift in Sources */ = {isa = PBXBuildFile; fileRef = 72E676F72576B91200A1C852 /* AuthManager.swift */; };
		72E676F92576B91200A1C852 /* AuthManager.swift in Sources */ = {isa = PBXBuildFile; fileRef = 72E676F72576B91200A1C852 /* AuthManager.swift */; };
		72E676FA2576B91200A1C852 /* AuthManager.swift in Sources */ = {isa = PBXBuildFile; fileRef = 72E676F72576B91200A1C852 /* AuthManager.swift */; };
		72E676FF2576B99E00A1C852 /* StorageManager.swift in Sources */ = {isa = PBXBuildFile; fileRef = 72E676FE2576B99E00A1C852 /* StorageManager.swift */; };
		72E677002576B99E00A1C852 /* StorageManager.swift in Sources */ = {isa = PBXBuildFile; fileRef = 72E676FE2576B99E00A1C852 /* StorageManager.swift */; };
		72E677012576B99E00A1C852 /* StorageManager.swift in Sources */ = {isa = PBXBuildFile; fileRef = 72E676FE2576B99E00A1C852 /* StorageManager.swift */; };
		B02A0D8631EF893EA0950F68 /* Pods_InstagramTests.framework in Frameworks */ = {isa = PBXBuildFile; fileRef = 9F2B8328AF4E73A937BF6910 /* Pods_InstagramTests.framework */; };
/* End PBXBuildFile section */

/* Begin PBXContainerItemProxy section */
		72E675D725738CE200A1C852 /* PBXContainerItemProxy */ = {
			isa = PBXContainerItemProxy;
			containerPortal = 72E675B825738CE100A1C852 /* Project object */;
			proxyType = 1;
			remoteGlobalIDString = 72E675BF25738CE100A1C852;
			remoteInfo = Instagram;
		};
		72E675E225738CE200A1C852 /* PBXContainerItemProxy */ = {
			isa = PBXContainerItemProxy;
			containerPortal = 72E675B825738CE100A1C852 /* Project object */;
			proxyType = 1;
			remoteGlobalIDString = 72E675BF25738CE100A1C852;
			remoteInfo = Instagram;
		};
/* End PBXContainerItemProxy section */

/* Begin PBXFileReference section */
		02ECED1317B636AA0E4FD276 /* Pods-Instagram.debug.xcconfig */ = {isa = PBXFileReference; includeInIndex = 1; lastKnownFileType = text.xcconfig; name = "Pods-Instagram.debug.xcconfig"; path = "Target Support Files/Pods-Instagram/Pods-Instagram.debug.xcconfig"; sourceTree = "<group>"; };
		1DE82CDDAFE1228099D61467 /* Pods-InstagramTests.release.xcconfig */ = {isa = PBXFileReference; includeInIndex = 1; lastKnownFileType = text.xcconfig; name = "Pods-InstagramTests.release.xcconfig"; path = "Target Support Files/Pods-InstagramTests/Pods-InstagramTests.release.xcconfig"; sourceTree = "<group>"; };
		4E7C2B1767BC1F2FA4D7567C /* Pods_Instagram.framework */ = {isa = PBXFileReference; explicitFileType = wrapper.framework; includeInIndex = 0; path = Pods_Instagram.framework; sourceTree = BUILT_PRODUCTS_DIR; };
		66FDB5F24908FEFC234857B6 /* Pods-Instagram-InstagramUITests.release.xcconfig */ = {isa = PBXFileReference; includeInIndex = 1; lastKnownFileType = text.xcconfig; name = "Pods-Instagram-InstagramUITests.release.xcconfig"; path = "Target Support Files/Pods-Instagram-InstagramUITests/Pods-Instagram-InstagramUITests.release.xcconfig"; sourceTree = "<group>"; };
		720A0CAC2579324900E5EAC2 /* Extensions.swift */ = {isa = PBXFileReference; lastKnownFileType = sourcecode.swift; path = Extensions.swift; sourceTree = "<group>"; };
		72A4BC2926D4161C0028ADC5 /* IGFeedPostTableViewCell.swift */ = {isa = PBXFileReference; lastKnownFileType = sourcecode.swift; path = IGFeedPostTableViewCell.swift; sourceTree = "<group>"; };
		72A4BC2C26D418430028ADC5 /* IGFeedPostHeaderTableViewCell.swift */ = {isa = PBXFileReference; lastKnownFileType = sourcecode.swift; path = IGFeedPostHeaderTableViewCell.swift; sourceTree = "<group>"; };
		72A4BC2E26D418620028ADC5 /* IGFeedPostActionsTableViewCell.swift */ = {isa = PBXFileReference; lastKnownFileType = sourcecode.swift; path = IGFeedPostActionsTableViewCell.swift; sourceTree = "<group>"; };
		72A4BC3026D4188D0028ADC5 /* IGFeedPostGeneralTableViewCell.swift */ = {isa = PBXFileReference; lastKnownFileType = sourcecode.swift; path = IGFeedPostGeneralTableViewCell.swift; sourceTree = "<group>"; };
		72E675C025738CE100A1C852 /* Instagram.app */ = {isa = PBXFileReference; explicitFileType = wrapper.application; includeInIndex = 0; path = Instagram.app; sourceTree = BUILT_PRODUCTS_DIR; };
		72E675C325738CE100A1C852 /* AppDelegate.swift */ = {isa = PBXFileReference; lastKnownFileType = sourcecode.swift; path = AppDelegate.swift; sourceTree = "<group>"; };
		72E675C525738CE100A1C852 /* SceneDelegate.swift */ = {isa = PBXFileReference; lastKnownFileType = sourcecode.swift; path = SceneDelegate.swift; sourceTree = "<group>"; };
		72E675C725738CE100A1C852 /* HomeViewController.swift */ = {isa = PBXFileReference; lastKnownFileType = sourcecode.swift; path = HomeViewController.swift; sourceTree = "<group>"; };
		72E675CA25738CE100A1C852 /* Base */ = {isa = PBXFileReference; lastKnownFileType = file.storyboard; name = Base; path = Base.lproj/Main.storyboard; sourceTree = "<group>"; };
		72E675CC25738CE200A1C852 /* Assets.xcassets */ = {isa = PBXFileReference; lastKnownFileType = folder.assetcatalog; path = Assets.xcassets; sourceTree = "<group>"; };
		72E675CF25738CE200A1C852 /* Base */ = {isa = PBXFileReference; lastKnownFileType = file.storyboard; name = Base; path = Base.lproj/LaunchScreen.storyboard; sourceTree = "<group>"; };
		72E675D125738CE200A1C852 /* Info.plist */ = {isa = PBXFileReference; lastKnownFileType = text.plist.xml; path = Info.plist; sourceTree = "<group>"; };
		72E675D625738CE200A1C852 /* InstagramTests.xctest */ = {isa = PBXFileReference; explicitFileType = wrapper.cfbundle; includeInIndex = 0; path = InstagramTests.xctest; sourceTree = BUILT_PRODUCTS_DIR; };
		72E675DA25738CE200A1C852 /* InstagramTests.swift */ = {isa = PBXFileReference; lastKnownFileType = sourcecode.swift; path = InstagramTests.swift; sourceTree = "<group>"; };
		72E675DC25738CE200A1C852 /* Info.plist */ = {isa = PBXFileReference; lastKnownFileType = text.plist.xml; path = Info.plist; sourceTree = "<group>"; };
		72E675E125738CE200A1C852 /* InstagramUITests.xctest */ = {isa = PBXFileReference; explicitFileType = wrapper.cfbundle; includeInIndex = 0; path = InstagramUITests.xctest; sourceTree = BUILT_PRODUCTS_DIR; };
		72E675E525738CE200A1C852 /* InstagramUITests.swift */ = {isa = PBXFileReference; lastKnownFileType = sourcecode.swift; path = InstagramUITests.swift; sourceTree = "<group>"; };
		72E675E725738CE200A1C852 /* Info.plist */ = {isa = PBXFileReference; lastKnownFileType = text.plist.xml; path = Info.plist; sourceTree = "<group>"; };
		72E6760125738EB400A1C852 /* ExploreViewController.swift */ = {isa = PBXFileReference; lastKnownFileType = sourcecode.swift; path = ExploreViewController.swift; sourceTree = "<group>"; };
		72E6760625738EDD00A1C852 /* CameraViewController.swift */ = {isa = PBXFileReference; lastKnownFileType = sourcecode.swift; path = CameraViewController.swift; sourceTree = "<group>"; };
		72E6760B25738EEE00A1C852 /* NotificationsViewController.swift */ = {isa = PBXFileReference; lastKnownFileType = sourcecode.swift; path = NotificationsViewController.swift; sourceTree = "<group>"; };
		72E6761025738EFA00A1C852 /* ProfileViewController.swift */ = {isa = PBXFileReference; lastKnownFileType = sourcecode.swift; path = ProfileViewController.swift; sourceTree = "<group>"; };
		72E6761B25738F9100A1C852 /* LoginViewController.swift */ = {isa = PBXFileReference; lastKnownFileType = sourcecode.swift; path = LoginViewController.swift; sourceTree = "<group>"; };
		72E6762325738F9F00A1C852 /* RegistrationViewController.swift */ = {isa = PBXFileReference; lastKnownFileType = sourcecode.swift; path = RegistrationViewController.swift; sourceTree = "<group>"; };
		72E6762825738FC800A1C852 /* PostViewController.swift */ = {isa = PBXFileReference; lastKnownFileType = sourcecode.swift; path = PostViewController.swift; sourceTree = "<group>"; };
		72E6762D25738FF200A1C852 /* EditProfileViewController.swift */ = {isa = PBXFileReference; lastKnownFileType = sourcecode.swift; path = EditProfileViewController.swift; sourceTree = "<group>"; };
		72E676322573900800A1C852 /* SettingsViewController.swift */ = {isa = PBXFileReference; lastKnownFileType = sourcecode.swift; path = SettingsViewController.swift; sourceTree = "<group>"; };
		72E676382573903C00A1C852 /* SearchViewController.swift */ = {isa = PBXFileReference; lastKnownFileType = sourcecode.swift; path = SearchViewController.swift; sourceTree = "<group>"; };
		72E676402573905F00A1C852 /* SearchResultViewController.swift */ = {isa = PBXFileReference; lastKnownFileType = sourcecode.swift; path = SearchResultViewController.swift; sourceTree = "<group>"; };
		72E676452573909A00A1C852 /* PostEditorViewController.swift */ = {isa = PBXFileReference; lastKnownFileType = sourcecode.swift; path = PostEditorViewController.swift; sourceTree = "<group>"; };
		72E6764A257390B400A1C852 /* PublishPostViewController.swift */ = {isa = PBXFileReference; lastKnownFileType = sourcecode.swift; path = PublishPostViewController.swift; sourceTree = "<group>"; };
		72E676DF2576B2DC00A1C852 /* GoogleService-Info.plist */ = {isa = PBXFileReference; fileEncoding = 4; lastKnownFileType = text.plist.xml; name = "GoogleService-Info.plist"; path = "../../../../../Downloads/GoogleService-Info.plist"; sourceTree = "<group>"; };
		72E676F02576B82200A1C852 /* DatabaseManager.swift */ = {isa = PBXFileReference; lastKnownFileType = sourcecode.swift; path = DatabaseManager.swift; sourceTree = "<group>"; };
		72E676F72576B91200A1C852 /* AuthManager.swift */ = {isa = PBXFileReference; lastKnownFileType = sourcecode.swift; path = AuthManager.swift; sourceTree = "<group>"; };
		72E676FE2576B99E00A1C852 /* StorageManager.swift */ = {isa = PBXFileReference; lastKnownFileType = sourcecode.swift; path = StorageManager.swift; sourceTree = "<group>"; };
		9F2B8328AF4E73A937BF6910 /* Pods_InstagramTests.framework */ = {isa = PBXFileReference; explicitFileType = wrapper.framework; includeInIndex = 0; path = Pods_InstagramTests.framework; sourceTree = BUILT_PRODUCTS_DIR; };
		A5F08B8B8F66C9D21ABA2A42 /* Pods-Instagram.release.xcconfig */ = {isa = PBXFileReference; includeInIndex = 1; lastKnownFileType = text.xcconfig; name = "Pods-Instagram.release.xcconfig"; path = "Target Support Files/Pods-Instagram/Pods-Instagram.release.xcconfig"; sourceTree = "<group>"; };
		A766F52E390493D80401CCCD /* Pods-Instagram-InstagramUITests.debug.xcconfig */ = {isa = PBXFileReference; includeInIndex = 1; lastKnownFileType = text.xcconfig; name = "Pods-Instagram-InstagramUITests.debug.xcconfig"; path = "Target Support Files/Pods-Instagram-InstagramUITests/Pods-Instagram-InstagramUITests.debug.xcconfig"; sourceTree = "<group>"; };
		E586A0E07D988D55A45A0365 /* Pods_Instagram_InstagramUITests.framework */ = {isa = PBXFileReference; explicitFileType = wrapper.framework; includeInIndex = 0; path = Pods_Instagram_InstagramUITests.framework; sourceTree = BUILT_PRODUCTS_DIR; };
		E59B10F439772671FA01FFCA /* Pods-InstagramTests.debug.xcconfig */ = {isa = PBXFileReference; includeInIndex = 1; lastKnownFileType = text.xcconfig; name = "Pods-InstagramTests.debug.xcconfig"; path = "Target Support Files/Pods-InstagramTests/Pods-InstagramTests.debug.xcconfig"; sourceTree = "<group>"; };
/* End PBXFileReference section */

/* Begin PBXFrameworksBuildPhase section */
		72E675BD25738CE100A1C852 /* Frameworks */ = {
			isa = PBXFrameworksBuildPhase;
			buildActionMask = 2147483647;
			files = (
				6B7A52D904B4C5D657BC1410 /* Pods_Instagram.framework in Frameworks */,
			);
			runOnlyForDeploymentPostprocessing = 0;
		};
		72E675D325738CE200A1C852 /* Frameworks */ = {
			isa = PBXFrameworksBuildPhase;
			buildActionMask = 2147483647;
			files = (
				B02A0D8631EF893EA0950F68 /* Pods_InstagramTests.framework in Frameworks */,
			);
			runOnlyForDeploymentPostprocessing = 0;
		};
		72E675DE25738CE200A1C852 /* Frameworks */ = {
			isa = PBXFrameworksBuildPhase;
			buildActionMask = 2147483647;
			files = (
				2E98E9A32A9F52FC5A43F279 /* Pods_Instagram_InstagramUITests.framework in Frameworks */,
			);
			runOnlyForDeploymentPostprocessing = 0;
		};
/* End PBXFrameworksBuildPhase section */

/* Begin PBXGroup section */
		5803E6D93716AB9D6F6091EA /* Frameworks */ = {
			isa = PBXGroup;
			children = (
				4E7C2B1767BC1F2FA4D7567C /* Pods_Instagram.framework */,
				E586A0E07D988D55A45A0365 /* Pods_Instagram_InstagramUITests.framework */,
				9F2B8328AF4E73A937BF6910 /* Pods_InstagramTests.framework */,
			);
			name = Frameworks;
			sourceTree = "<group>";
		};
		72A4BC2826D415BC0028ADC5 /* Cells */ = {
			isa = PBXGroup;
			children = (
				72A4BC2B26D417D50028ADC5 /* Home Feed */,
			);
			path = Cells;
			sourceTree = "<group>";
		};
		72A4BC2B26D417D50028ADC5 /* Home Feed */ = {
			isa = PBXGroup;
			children = (
				72A4BC2926D4161C0028ADC5 /* IGFeedPostTableViewCell.swift */,
				72A4BC2C26D418430028ADC5 /* IGFeedPostHeaderTableViewCell.swift */,
				72A4BC2E26D418620028ADC5 /* IGFeedPostActionsTableViewCell.swift */,
				72A4BC3026D4188D0028ADC5 /* IGFeedPostGeneralTableViewCell.swift */,
			);
			path = "Home Feed";
			sourceTree = "<group>";
		};
		72E675B725738CE100A1C852 = {
			isa = PBXGroup;
			children = (
				72E675C225738CE100A1C852 /* Instagram */,
				72E675D925738CE200A1C852 /* InstagramTests */,
				72E675E425738CE200A1C852 /* InstagramUITests */,
				72E675C125738CE100A1C852 /* Products */,
				8020681123BE58ADC78FB240 /* Pods */,
				5803E6D93716AB9D6F6091EA /* Frameworks */,
			);
			sourceTree = "<group>";
		};
		72E675C125738CE100A1C852 /* Products */ = {
			isa = PBXGroup;
			children = (
				72E675C025738CE100A1C852 /* Instagram.app */,
				72E675D625738CE200A1C852 /* InstagramTests.xctest */,
				72E675E125738CE200A1C852 /* InstagramUITests.xctest */,
			);
			name = Products;
			sourceTree = "<group>";
		};
		72E675C225738CE100A1C852 /* Instagram */ = {
			isa = PBXGroup;
			children = (
				72E675F925738D7000A1C852 /* Resources */,
				72E675F825738D6000A1C852 /* Models */,
				72E675F725738D3E00A1C852 /* Views */,
				72E675F625738D2E00A1C852 /* Controllers */,
				72E675CE25738CE200A1C852 /* LaunchScreen.storyboard */,
				72E675D125738CE200A1C852 /* Info.plist */,
			);
			path = Instagram;
			sourceTree = "<group>";
		};
		72E675D925738CE200A1C852 /* InstagramTests */ = {
			isa = PBXGroup;
			children = (
				72E675DA25738CE200A1C852 /* InstagramTests.swift */,
				72E675DC25738CE200A1C852 /* Info.plist */,
			);
			path = InstagramTests;
			sourceTree = "<group>";
		};
		72E675E425738CE200A1C852 /* InstagramUITests */ = {
			isa = PBXGroup;
			children = (
				72E675E525738CE200A1C852 /* InstagramUITests.swift */,
				72E675E725738CE200A1C852 /* Info.plist */,
			);
			path = InstagramUITests;
			sourceTree = "<group>";
		};
		72E675F625738D2E00A1C852 /* Controllers */ = {
			isa = PBXGroup;
			children = (
				72E6761925738F6300A1C852 /* Other */,
				72E6761525738F1E00A1C852 /* Core Tabs */,
			);
			path = Controllers;
			sourceTree = "<group>";
		};
		72E675F725738D3E00A1C852 /* Views */ = {
			isa = PBXGroup;
			children = (
				72A4BC2826D415BC0028ADC5 /* Cells */,
				72E675CC25738CE200A1C852 /* Assets.xcassets */,
				72E675FD25738DDD00A1C852 /* Storyboards */,
			);
			path = Views;
			sourceTree = "<group>";
		};
		72E675F825738D6000A1C852 /* Models */ = {
			isa = PBXGroup;
			children = (
			);
			path = Models;
			sourceTree = "<group>";
		};
		72E675F925738D7000A1C852 /* Resources */ = {
			isa = PBXGroup;
			children = (
				72E676DF2576B2DC00A1C852 /* GoogleService-Info.plist */,
				72E675C325738CE100A1C852 /* AppDelegate.swift */,
				72E675C525738CE100A1C852 /* SceneDelegate.swift */,
				72E676F02576B82200A1C852 /* DatabaseManager.swift */,
				72E676F72576B91200A1C852 /* AuthManager.swift */,
				72E676FE2576B99E00A1C852 /* StorageManager.swift */,
				720A0CAC2579324900E5EAC2 /* Extensions.swift */,
			);
			path = Resources;
			sourceTree = "<group>";
		};
		72E675FD25738DDD00A1C852 /* Storyboards */ = {
			isa = PBXGroup;
			children = (
				72E675C925738CE100A1C852 /* Main.storyboard */,
			);
			path = Storyboards;
			sourceTree = "<group>";
		};
		72E6761525738F1E00A1C852 /* Core Tabs */ = {
			isa = PBXGroup;
			children = (
				72E675C725738CE100A1C852 /* HomeViewController.swift */,
				72E6760125738EB400A1C852 /* ExploreViewController.swift */,
				72E6760625738EDD00A1C852 /* CameraViewController.swift */,
				72E6760B25738EEE00A1C852 /* NotificationsViewController.swift */,
				72E6761025738EFA00A1C852 /* ProfileViewController.swift */,
			);
			path = "Core Tabs";
			sourceTree = "<group>";
		};
		72E6761925738F6300A1C852 /* Other */ = {
			isa = PBXGroup;
			children = (
				72E6761A25738F7200A1C852 /* Onboarding */,
				72E676EC2576B76100A1C852 /* Genaral */,
			);
			path = Other;
			sourceTree = "<group>";
		};
		72E6761A25738F7200A1C852 /* Onboarding */ = {
			isa = PBXGroup;
			children = (
				72E6761B25738F9100A1C852 /* LoginViewController.swift */,
				72E6762325738F9F00A1C852 /* RegistrationViewController.swift */,
			);
			path = Onboarding;
			sourceTree = "<group>";
		};
		72E676EC2576B76100A1C852 /* Genaral */ = {
			isa = PBXGroup;
			children = (
				72E6762825738FC800A1C852 /* PostViewController.swift */,
				72E6762D25738FF200A1C852 /* EditProfileViewController.swift */,
				72E676322573900800A1C852 /* SettingsViewController.swift */,
				72E676382573903C00A1C852 /* SearchViewController.swift */,
				72E676402573905F00A1C852 /* SearchResultViewController.swift */,
				72E676452573909A00A1C852 /* PostEditorViewController.swift */,
				72E6764A257390B400A1C852 /* PublishPostViewController.swift */,
			);
			path = Genaral;
			sourceTree = "<group>";
		};
		8020681123BE58ADC78FB240 /* Pods */ = {
			isa = PBXGroup;
			children = (
				02ECED1317B636AA0E4FD276 /* Pods-Instagram.debug.xcconfig */,
				A5F08B8B8F66C9D21ABA2A42 /* Pods-Instagram.release.xcconfig */,
				A766F52E390493D80401CCCD /* Pods-Instagram-InstagramUITests.debug.xcconfig */,
				66FDB5F24908FEFC234857B6 /* Pods-Instagram-InstagramUITests.release.xcconfig */,
				E59B10F439772671FA01FFCA /* Pods-InstagramTests.debug.xcconfig */,
				1DE82CDDAFE1228099D61467 /* Pods-InstagramTests.release.xcconfig */,
			);
			path = Pods;
			sourceTree = "<group>";
		};
/* End PBXGroup section */

/* Begin PBXNativeTarget section */
		72E675BF25738CE100A1C852 /* Instagram */ = {
			isa = PBXNativeTarget;
			buildConfigurationList = 72E675EA25738CE200A1C852 /* Build configuration list for PBXNativeTarget "Instagram" */;
			buildPhases = (
				F949178D8E0E9A931966F2B9 /* [CP] Check Pods Manifest.lock */,
				72E675BC25738CE100A1C852 /* Sources */,
				72E675BD25738CE100A1C852 /* Frameworks */,
				72E675BE25738CE100A1C852 /* Resources */,
				C54E69DD947DBD296C0B4488 /* [CP] Embed Pods Frameworks */,
			);
			buildRules = (
			);
			dependencies = (
			);
			name = Instagram;
			productName = Instagram;
			productReference = 72E675C025738CE100A1C852 /* Instagram.app */;
			productType = "com.apple.product-type.application";
		};
		72E675D525738CE200A1C852 /* InstagramTests */ = {
			isa = PBXNativeTarget;
			buildConfigurationList = 72E675ED25738CE200A1C852 /* Build configuration list for PBXNativeTarget "InstagramTests" */;
			buildPhases = (
				A2BE8C22363ED4AF0698ACC9 /* [CP] Check Pods Manifest.lock */,
				72E675D225738CE200A1C852 /* Sources */,
				72E675D325738CE200A1C852 /* Frameworks */,
				72E675D425738CE200A1C852 /* Resources */,
			);
			buildRules = (
			);
			dependencies = (
				72E675D825738CE200A1C852 /* PBXTargetDependency */,
			);
			name = InstagramTests;
			productName = InstagramTests;
			productReference = 72E675D625738CE200A1C852 /* InstagramTests.xctest */;
			productType = "com.apple.product-type.bundle.unit-test";
		};
		72E675E025738CE200A1C852 /* InstagramUITests */ = {
			isa = PBXNativeTarget;
			buildConfigurationList = 72E675F025738CE200A1C852 /* Build configuration list for PBXNativeTarget "InstagramUITests" */;
			buildPhases = (
				8B6178A323274E72FBD88B3A /* [CP] Check Pods Manifest.lock */,
				72E675DD25738CE200A1C852 /* Sources */,
				72E675DE25738CE200A1C852 /* Frameworks */,
				72E675DF25738CE200A1C852 /* Resources */,
				9C89FCD9C8A40C54C562123E /* [CP] Embed Pods Frameworks */,
			);
			buildRules = (
			);
			dependencies = (
				72E675E325738CE200A1C852 /* PBXTargetDependency */,
			);
			name = InstagramUITests;
			productName = InstagramUITests;
			productReference = 72E675E125738CE200A1C852 /* InstagramUITests.xctest */;
			productType = "com.apple.product-type.bundle.ui-testing";
		};
/* End PBXNativeTarget section */

/* Begin PBXProject section */
		72E675B825738CE100A1C852 /* Project object */ = {
			isa = PBXProject;
			attributes = {
				LastSwiftUpdateCheck = 1220;
				LastUpgradeCheck = 1220;
				TargetAttributes = {
					72E675BF25738CE100A1C852 = {
						CreatedOnToolsVersion = 12.2;
					};
					72E675D525738CE200A1C852 = {
						CreatedOnToolsVersion = 12.2;
						TestTargetID = 72E675BF25738CE100A1C852;
					};
					72E675E025738CE200A1C852 = {
						CreatedOnToolsVersion = 12.2;
						TestTargetID = 72E675BF25738CE100A1C852;
					};
				};
			};
			buildConfigurationList = 72E675BB25738CE100A1C852 /* Build configuration list for PBXProject "Instagram" */;
			compatibilityVersion = "Xcode 9.3";
			developmentRegion = en;
			hasScannedForEncodings = 0;
			knownRegions = (
				en,
				Base,
			);
			mainGroup = 72E675B725738CE100A1C852;
			productRefGroup = 72E675C125738CE100A1C852 /* Products */;
			projectDirPath = "";
			projectRoot = "";
			targets = (
				72E675BF25738CE100A1C852 /* Instagram */,
				72E675D525738CE200A1C852 /* InstagramTests */,
				72E675E025738CE200A1C852 /* InstagramUITests */,
			);
		};
/* End PBXProject section */

/* Begin PBXResourcesBuildPhase section */
		72E675BE25738CE100A1C852 /* Resources */ = {
			isa = PBXResourcesBuildPhase;
			buildActionMask = 2147483647;
			files = (
				72E676E02576B2DD00A1C852 /* GoogleService-Info.plist in Resources */,
				72E675D025738CE200A1C852 /* LaunchScreen.storyboard in Resources */,
				72E675CD25738CE200A1C852 /* Assets.xcassets in Resources */,
				72E675CB25738CE100A1C852 /* Main.storyboard in Resources */,
			);
			runOnlyForDeploymentPostprocessing = 0;
		};
		72E675D425738CE200A1C852 /* Resources */ = {
			isa = PBXResourcesBuildPhase;
			buildActionMask = 2147483647;
			files = (
				72E676E12576B2DD00A1C852 /* GoogleService-Info.plist in Resources */,
			);
			runOnlyForDeploymentPostprocessing = 0;
		};
		72E675DF25738CE200A1C852 /* Resources */ = {
			isa = PBXResourcesBuildPhase;
			buildActionMask = 2147483647;
			files = (
				72E676E22576B2DD00A1C852 /* GoogleService-Info.plist in Resources */,
			);
			runOnlyForDeploymentPostprocessing = 0;
		};
/* End PBXResourcesBuildPhase section */

/* Begin PBXShellScriptBuildPhase section */
		8B6178A323274E72FBD88B3A /* [CP] Check Pods Manifest.lock */ = {
			isa = PBXShellScriptBuildPhase;
			buildActionMask = 2147483647;
			files = (
			);
			inputFileListPaths = (
			);
			inputPaths = (
				"${PODS_PODFILE_DIR_PATH}/Podfile.lock",
				"${PODS_ROOT}/Manifest.lock",
			);
			name = "[CP] Check Pods Manifest.lock";
			outputFileListPaths = (
			);
			outputPaths = (
				"$(DERIVED_FILE_DIR)/Pods-Instagram-InstagramUITests-checkManifestLockResult.txt",
			);
			runOnlyForDeploymentPostprocessing = 0;
			shellPath = /bin/sh;
			shellScript = "diff \"${PODS_PODFILE_DIR_PATH}/Podfile.lock\" \"${PODS_ROOT}/Manifest.lock\" > /dev/null\nif [ $? != 0 ] ; then\n    # print error to STDERR\n    echo \"error: The sandbox is not in sync with the Podfile.lock. Run 'pod install' or update your CocoaPods installation.\" >&2\n    exit 1\nfi\n# This output is used by Xcode 'outputs' to avoid re-running this script phase.\necho \"SUCCESS\" > \"${SCRIPT_OUTPUT_FILE_0}\"\n";
			showEnvVarsInLog = 0;
		};
		9C89FCD9C8A40C54C562123E /* [CP] Embed Pods Frameworks */ = {
			isa = PBXShellScriptBuildPhase;
			buildActionMask = 2147483647;
			files = (
			);
			inputFileListPaths = (
				"${PODS_ROOT}/Target Support Files/Pods-Instagram-InstagramUITests/Pods-Instagram-InstagramUITests-frameworks-${CONFIGURATION}-input-files.xcfilelist",
			);
			name = "[CP] Embed Pods Frameworks";
			outputFileListPaths = (
				"${PODS_ROOT}/Target Support Files/Pods-Instagram-InstagramUITests/Pods-Instagram-InstagramUITests-frameworks-${CONFIGURATION}-output-files.xcfilelist",
			);
			runOnlyForDeploymentPostprocessing = 0;
			shellPath = /bin/sh;
			shellScript = "\"${PODS_ROOT}/Target Support Files/Pods-Instagram-InstagramUITests/Pods-Instagram-InstagramUITests-frameworks.sh\"\n";
			showEnvVarsInLog = 0;
		};
		A2BE8C22363ED4AF0698ACC9 /* [CP] Check Pods Manifest.lock */ = {
			isa = PBXShellScriptBuildPhase;
			buildActionMask = 2147483647;
			files = (
			);
			inputFileListPaths = (
			);
			inputPaths = (
				"${PODS_PODFILE_DIR_PATH}/Podfile.lock",
				"${PODS_ROOT}/Manifest.lock",
			);
			name = "[CP] Check Pods Manifest.lock";
			outputFileListPaths = (
			);
			outputPaths = (
				"$(DERIVED_FILE_DIR)/Pods-InstagramTests-checkManifestLockResult.txt",
			);
			runOnlyForDeploymentPostprocessing = 0;
			shellPath = /bin/sh;
			shellScript = "diff \"${PODS_PODFILE_DIR_PATH}/Podfile.lock\" \"${PODS_ROOT}/Manifest.lock\" > /dev/null\nif [ $? != 0 ] ; then\n    # print error to STDERR\n    echo \"error: The sandbox is not in sync with the Podfile.lock. Run 'pod install' or update your CocoaPods installation.\" >&2\n    exit 1\nfi\n# This output is used by Xcode 'outputs' to avoid re-running this script phase.\necho \"SUCCESS\" > \"${SCRIPT_OUTPUT_FILE_0}\"\n";
			showEnvVarsInLog = 0;
		};
		C54E69DD947DBD296C0B4488 /* [CP] Embed Pods Frameworks */ = {
			isa = PBXShellScriptBuildPhase;
			buildActionMask = 2147483647;
			files = (
			);
			inputFileListPaths = (
				"${PODS_ROOT}/Target Support Files/Pods-Instagram/Pods-Instagram-frameworks-${CONFIGURATION}-input-files.xcfilelist",
			);
			name = "[CP] Embed Pods Frameworks";
			outputFileListPaths = (
				"${PODS_ROOT}/Target Support Files/Pods-Instagram/Pods-Instagram-frameworks-${CONFIGURATION}-output-files.xcfilelist",
			);
			runOnlyForDeploymentPostprocessing = 0;
			shellPath = /bin/sh;
			shellScript = "\"${PODS_ROOT}/Target Support Files/Pods-Instagram/Pods-Instagram-frameworks.sh\"\n";
			showEnvVarsInLog = 0;
		};
		F949178D8E0E9A931966F2B9 /* [CP] Check Pods Manifest.lock */ = {
			isa = PBXShellScriptBuildPhase;
			buildActionMask = 2147483647;
			files = (
			);
			inputFileListPaths = (
			);
			inputPaths = (
				"${PODS_PODFILE_DIR_PATH}/Podfile.lock",
				"${PODS_ROOT}/Manifest.lock",
			);
			name = "[CP] Check Pods Manifest.lock";
			outputFileListPaths = (
			);
			outputPaths = (
				"$(DERIVED_FILE_DIR)/Pods-Instagram-checkManifestLockResult.txt",
			);
			runOnlyForDeploymentPostprocessing = 0;
			shellPath = /bin/sh;
			shellScript = "diff \"${PODS_PODFILE_DIR_PATH}/Podfile.lock\" \"${PODS_ROOT}/Manifest.lock\" > /dev/null\nif [ $? != 0 ] ; then\n    # print error to STDERR\n    echo \"error: The sandbox is not in sync with the Podfile.lock. Run 'pod install' or update your CocoaPods installation.\" >&2\n    exit 1\nfi\n# This output is used by Xcode 'outputs' to avoid re-running this script phase.\necho \"SUCCESS\" > \"${SCRIPT_OUTPUT_FILE_0}\"\n";
			showEnvVarsInLog = 0;
		};
/* End PBXShellScriptBuildPhase section */

/* Begin PBXSourcesBuildPhase section */
		72E675BC25738CE100A1C852 /* Sources */ = {
			isa = PBXSourcesBuildPhase;
			buildActionMask = 2147483647;
			files = (
				72A4BC2D26D418430028ADC5 /* IGFeedPostHeaderTableViewCell.swift in Sources */,
				72A4BC2F26D418620028ADC5 /* IGFeedPostActionsTableViewCell.swift in Sources */,
				72A4BC3126D4188D0028ADC5 /* IGFeedPostGeneralTableViewCell.swift in Sources */,
				72E6762E25738FF200A1C852 /* EditProfileViewController.swift in Sources */,
				72E676F82576B91200A1C852 /* AuthManager.swift in Sources */,
				72E6760225738EB400A1C852 /* ExploreViewController.swift in Sources */,
				72E6760725738EDD00A1C852 /* CameraViewController.swift in Sources */,
				72E675C825738CE100A1C852 /* HomeViewController.swift in Sources */,
				72E676F12576B82200A1C852 /* DatabaseManager.swift in Sources */,
				72E6762425738F9F00A1C852 /* RegistrationViewController.swift in Sources */,
				72E6762925738FC800A1C852 /* PostViewController.swift in Sources */,
				72E6764B257390B400A1C852 /* PublishPostViewController.swift in Sources */,
				72E676FF2576B99E00A1C852 /* StorageManager.swift in Sources */,
				72E6760C25738EEE00A1C852 /* NotificationsViewController.swift in Sources */,
				72E6761C25738F9100A1C852 /* LoginViewController.swift in Sources */,
				72E676412573905F00A1C852 /* SearchResultViewController.swift in Sources */,
				72E676392573903C00A1C852 /* SearchViewController.swift in Sources */,
				72E6761125738EFA00A1C852 /* ProfileViewController.swift in Sources */,
				72A4BC2A26D4161C0028ADC5 /* IGFeedPostTableViewCell.swift in Sources */,
				720A0CAD2579324900E5EAC2 /* Extensions.swift in Sources */,
				72E676462573909A00A1C852 /* PostEditorViewController.swift in Sources */,
				72E675C425738CE100A1C852 /* AppDelegate.swift in Sources */,
				72E675C625738CE100A1C852 /* SceneDelegate.swift in Sources */,
				72E676332573900800A1C852 /* SettingsViewController.swift in Sources */,
			);
			runOnlyForDeploymentPostprocessing = 0;
		};
		72E675D225738CE200A1C852 /* Sources */ = {
			isa = PBXSourcesBuildPhase;
			buildActionMask = 2147483647;
			files = (
				72E676F22576B82200A1C852 /* DatabaseManager.swift in Sources */,
				72E676F92576B91200A1C852 /* AuthManager.swift in Sources */,
				72E675DB25738CE200A1C852 /* InstagramTests.swift in Sources */,
				72E677002576B99E00A1C852 /* StorageManager.swift in Sources */,
			);
			runOnlyForDeploymentPostprocessing = 0;
		};
		72E675DD25738CE200A1C852 /* Sources */ = {
			isa = PBXSourcesBuildPhase;
			buildActionMask = 2147483647;
			files = (
				72E676F32576B82200A1C852 /* DatabaseManager.swift in Sources */,
				72E676FA2576B91200A1C852 /* AuthManager.swift in Sources */,
				72E675E625738CE200A1C852 /* InstagramUITests.swift in Sources */,
				72E677012576B99E00A1C852 /* StorageManager.swift in Sources */,
			);
			runOnlyForDeploymentPostprocessing = 0;
		};
/* End PBXSourcesBuildPhase section */

/* Begin PBXTargetDependency section */
		72E675D825738CE200A1C852 /* PBXTargetDependency */ = {
			isa = PBXTargetDependency;
			target = 72E675BF25738CE100A1C852 /* Instagram */;
			targetProxy = 72E675D725738CE200A1C852 /* PBXContainerItemProxy */;
		};
		72E675E325738CE200A1C852 /* PBXTargetDependency */ = {
			isa = PBXTargetDependency;
			target = 72E675BF25738CE100A1C852 /* Instagram */;
			targetProxy = 72E675E225738CE200A1C852 /* PBXContainerItemProxy */;
		};
/* End PBXTargetDependency section */

/* Begin PBXVariantGroup section */
		72E675C925738CE100A1C852 /* Main.storyboard */ = {
			isa = PBXVariantGroup;
			children = (
				72E675CA25738CE100A1C852 /* Base */,
			);
			name = Main.storyboard;
			sourceTree = "<group>";
		};
		72E675CE25738CE200A1C852 /* LaunchScreen.storyboard */ = {
			isa = PBXVariantGroup;
			children = (
				72E675CF25738CE200A1C852 /* Base */,
			);
			name = LaunchScreen.storyboard;
			sourceTree = "<group>";
		};
/* End PBXVariantGroup section */

/* Begin XCBuildConfiguration section */
		72E675E825738CE200A1C852 /* Debug */ = {
			isa = XCBuildConfiguration;
			buildSettings = {
				ALWAYS_SEARCH_USER_PATHS = NO;
				CLANG_ANALYZER_NONNULL = YES;
				CLANG_ANALYZER_NUMBER_OBJECT_CONVERSION = YES_AGGRESSIVE;
				CLANG_CXX_LANGUAGE_STANDARD = "gnu++14";
				CLANG_CXX_LIBRARY = "libc++";
				CLANG_ENABLE_MODULES = YES;
				CLANG_ENABLE_OBJC_ARC = YES;
				CLANG_ENABLE_OBJC_WEAK = YES;
				CLANG_WARN_BLOCK_CAPTURE_AUTORELEASING = YES;
				CLANG_WARN_BOOL_CONVERSION = YES;
				CLANG_WARN_COMMA = YES;
				CLANG_WARN_CONSTANT_CONVERSION = YES;
				CLANG_WARN_DEPRECATED_OBJC_IMPLEMENTATIONS = YES;
				CLANG_WARN_DIRECT_OBJC_ISA_USAGE = YES_ERROR;
				CLANG_WARN_DOCUMENTATION_COMMENTS = YES;
				CLANG_WARN_EMPTY_BODY = YES;
				CLANG_WARN_ENUM_CONVERSION = YES;
				CLANG_WARN_INFINITE_RECURSION = YES;
				CLANG_WARN_INT_CONVERSION = YES;
				CLANG_WARN_NON_LITERAL_NULL_CONVERSION = YES;
				CLANG_WARN_OBJC_IMPLICIT_RETAIN_SELF = YES;
				CLANG_WARN_OBJC_LITERAL_CONVERSION = YES;
				CLANG_WARN_OBJC_ROOT_CLASS = YES_ERROR;
				CLANG_WARN_QUOTED_INCLUDE_IN_FRAMEWORK_HEADER = YES;
				CLANG_WARN_RANGE_LOOP_ANALYSIS = YES;
				CLANG_WARN_STRICT_PROTOTYPES = YES;
				CLANG_WARN_SUSPICIOUS_MOVE = YES;
				CLANG_WARN_UNGUARDED_AVAILABILITY = YES_AGGRESSIVE;
				CLANG_WARN_UNREACHABLE_CODE = YES;
				CLANG_WARN__DUPLICATE_METHOD_MATCH = YES;
				COPY_PHASE_STRIP = NO;
				DEBUG_INFORMATION_FORMAT = dwarf;
				ENABLE_STRICT_OBJC_MSGSEND = YES;
				ENABLE_TESTABILITY = YES;
				GCC_C_LANGUAGE_STANDARD = gnu11;
				GCC_DYNAMIC_NO_PIC = NO;
				GCC_NO_COMMON_BLOCKS = YES;
				GCC_OPTIMIZATION_LEVEL = 0;
				GCC_PREPROCESSOR_DEFINITIONS = (
					"DEBUG=1",
					"$(inherited)",
				);
				GCC_WARN_64_TO_32_BIT_CONVERSION = YES;
				GCC_WARN_ABOUT_RETURN_TYPE = YES_ERROR;
				GCC_WARN_UNDECLARED_SELECTOR = YES;
				GCC_WARN_UNINITIALIZED_AUTOS = YES_AGGRESSIVE;
				GCC_WARN_UNUSED_FUNCTION = YES;
				GCC_WARN_UNUSED_VARIABLE = YES;
				IPHONEOS_DEPLOYMENT_TARGET = 14.2;
				MTL_ENABLE_DEBUG_INFO = INCLUDE_SOURCE;
				MTL_FAST_MATH = YES;
				ONLY_ACTIVE_ARCH = YES;
				SDKROOT = iphoneos;
				SWIFT_ACTIVE_COMPILATION_CONDITIONS = DEBUG;
				SWIFT_OPTIMIZATION_LEVEL = "-Onone";
			};
			name = Debug;
		};
		72E675E925738CE200A1C852 /* Release */ = {
			isa = XCBuildConfiguration;
			buildSettings = {
				ALWAYS_SEARCH_USER_PATHS = NO;
				CLANG_ANALYZER_NONNULL = YES;
				CLANG_ANALYZER_NUMBER_OBJECT_CONVERSION = YES_AGGRESSIVE;
				CLANG_CXX_LANGUAGE_STANDARD = "gnu++14";
				CLANG_CXX_LIBRARY = "libc++";
				CLANG_ENABLE_MODULES = YES;
				CLANG_ENABLE_OBJC_ARC = YES;
				CLANG_ENABLE_OBJC_WEAK = YES;
				CLANG_WARN_BLOCK_CAPTURE_AUTORELEASING = YES;
				CLANG_WARN_BOOL_CONVERSION = YES;
				CLANG_WARN_COMMA = YES;
				CLANG_WARN_CONSTANT_CONVERSION = YES;
				CLANG_WARN_DEPRECATED_OBJC_IMPLEMENTATIONS = YES;
				CLANG_WARN_DIRECT_OBJC_ISA_USAGE = YES_ERROR;
				CLANG_WARN_DOCUMENTATION_COMMENTS = YES;
				CLANG_WARN_EMPTY_BODY = YES;
				CLANG_WARN_ENUM_CONVERSION = YES;
				CLANG_WARN_INFINITE_RECURSION = YES;
				CLANG_WARN_INT_CONVERSION = YES;
				CLANG_WARN_NON_LITERAL_NULL_CONVERSION = YES;
				CLANG_WARN_OBJC_IMPLICIT_RETAIN_SELF = YES;
				CLANG_WARN_OBJC_LITERAL_CONVERSION = YES;
				CLANG_WARN_OBJC_ROOT_CLASS = YES_ERROR;
				CLANG_WARN_QUOTED_INCLUDE_IN_FRAMEWORK_HEADER = YES;
				CLANG_WARN_RANGE_LOOP_ANALYSIS = YES;
				CLANG_WARN_STRICT_PROTOTYPES = YES;
				CLANG_WARN_SUSPICIOUS_MOVE = YES;
				CLANG_WARN_UNGUARDED_AVAILABILITY = YES_AGGRESSIVE;
				CLANG_WARN_UNREACHABLE_CODE = YES;
				CLANG_WARN__DUPLICATE_METHOD_MATCH = YES;
				COPY_PHASE_STRIP = NO;
				DEBUG_INFORMATION_FORMAT = "dwarf-with-dsym";
				ENABLE_NS_ASSERTIONS = NO;
				ENABLE_STRICT_OBJC_MSGSEND = YES;
				GCC_C_LANGUAGE_STANDARD = gnu11;
				GCC_NO_COMMON_BLOCKS = YES;
				GCC_WARN_64_TO_32_BIT_CONVERSION = YES;
				GCC_WARN_ABOUT_RETURN_TYPE = YES_ERROR;
				GCC_WARN_UNDECLARED_SELECTOR = YES;
				GCC_WARN_UNINITIALIZED_AUTOS = YES_AGGRESSIVE;
				GCC_WARN_UNUSED_FUNCTION = YES;
				GCC_WARN_UNUSED_VARIABLE = YES;
				IPHONEOS_DEPLOYMENT_TARGET = 14.2;
				MTL_ENABLE_DEBUG_INFO = NO;
				MTL_FAST_MATH = YES;
				SDKROOT = iphoneos;
				SWIFT_COMPILATION_MODE = wholemodule;
				SWIFT_OPTIMIZATION_LEVEL = "-O";
				VALIDATE_PRODUCT = YES;
			};
			name = Release;
		};
		72E675EB25738CE200A1C852 /* Debug */ = {
			isa = XCBuildConfiguration;
			baseConfigurationReference = 02ECED1317B636AA0E4FD276 /* Pods-Instagram.debug.xcconfig */;
			buildSettings = {
				ASSETCATALOG_COMPILER_APPICON_NAME = AppIcon;
				ASSETCATALOG_COMPILER_GLOBAL_ACCENT_COLOR_NAME = AccentColor;
				CODE_SIGN_STYLE = Automatic;
				DEVELOPMENT_TEAM = D9PPZUU246;
				INFOPLIST_FILE = Instagram/Info.plist;
				LD_RUNPATH_SEARCH_PATHS = (
					"$(inherited)",
					"@executable_path/Frameworks",
				);
				PRODUCT_BUNDLE_IDENTIFIER = Techzia.Instagram;
				PRODUCT_NAME = "$(TARGET_NAME)";
				SWIFT_VERSION = 5.0;
				TARGETED_DEVICE_FAMILY = "1,2";
			};
			name = Debug;
		};
		72E675EC25738CE200A1C852 /* Release */ = {
			isa = XCBuildConfiguration;
			baseConfigurationReference = A5F08B8B8F66C9D21ABA2A42 /* Pods-Instagram.release.xcconfig */;
			buildSettings = {
				ASSETCATALOG_COMPILER_APPICON_NAME = AppIcon;
				ASSETCATALOG_COMPILER_GLOBAL_ACCENT_COLOR_NAME = AccentColor;
				CODE_SIGN_STYLE = Automatic;
				DEVELOPMENT_TEAM = D9PPZUU246;
				INFOPLIST_FILE = Instagram/Info.plist;
				LD_RUNPATH_SEARCH_PATHS = (
					"$(inherited)",
					"@executable_path/Frameworks",
				);
				PRODUCT_BUNDLE_IDENTIFIER = Techzia.Instagram;
				PRODUCT_NAME = "$(TARGET_NAME)";
				SWIFT_VERSION = 5.0;
				TARGETED_DEVICE_FAMILY = "1,2";
			};
			name = Release;
		};
		72E675EE25738CE200A1C852 /* Debug */ = {
			isa = XCBuildConfiguration;
			baseConfigurationReference = E59B10F439772671FA01FFCA /* Pods-InstagramTests.debug.xcconfig */;
			buildSettings = {
				ALWAYS_EMBED_SWIFT_STANDARD_LIBRARIES = YES;
				BUNDLE_LOADER = "$(TEST_HOST)";
				CODE_SIGN_STYLE = Automatic;
				DEVELOPMENT_TEAM = D9PPZUU246;
				INFOPLIST_FILE = InstagramTests/Info.plist;
				IPHONEOS_DEPLOYMENT_TARGET = 14.2;
				LD_RUNPATH_SEARCH_PATHS = (
					"$(inherited)",
					"@executable_path/Frameworks",
					"@loader_path/Frameworks",
				);
				PRODUCT_BUNDLE_IDENTIFIER = Techzia.InstagramTests;
				PRODUCT_NAME = "$(TARGET_NAME)";
				SWIFT_VERSION = 5.0;
				TARGETED_DEVICE_FAMILY = "1,2";
				TEST_HOST = "$(BUILT_PRODUCTS_DIR)/Instagram.app/Instagram";
			};
			name = Debug;
		};
		72E675EF25738CE200A1C852 /* Release */ = {
			isa = XCBuildConfiguration;
			baseConfigurationReference = 1DE82CDDAFE1228099D61467 /* Pods-InstagramTests.release.xcconfig */;
			buildSettings = {
				ALWAYS_EMBED_SWIFT_STANDARD_LIBRARIES = YES;
				BUNDLE_LOADER = "$(TEST_HOST)";
				CODE_SIGN_STYLE = Automatic;
				DEVELOPMENT_TEAM = D9PPZUU246;
				INFOPLIST_FILE = InstagramTests/Info.plist;
				IPHONEOS_DEPLOYMENT_TARGET = 14.2;
				LD_RUNPATH_SEARCH_PATHS = (
					"$(inherited)",
					"@executable_path/Frameworks",
					"@loader_path/Frameworks",
				);
				PRODUCT_BUNDLE_IDENTIFIER = Techzia.InstagramTests;
				PRODUCT_NAME = "$(TARGET_NAME)";
				SWIFT_VERSION = 5.0;
				TARGETED_DEVICE_FAMILY = "1,2";
				TEST_HOST = "$(BUILT_PRODUCTS_DIR)/Instagram.app/Instagram";
			};
			name = Release;
		};
		72E675F125738CE200A1C852 /* Debug */ = {
			isa = XCBuildConfiguration;
			baseConfigurationReference = A766F52E390493D80401CCCD /* Pods-Instagram-InstagramUITests.debug.xcconfig */;
			buildSettings = {
				ALWAYS_EMBED_SWIFT_STANDARD_LIBRARIES = YES;
				CODE_SIGN_STYLE = Automatic;
				DEVELOPMENT_TEAM = D9PPZUU246;
				INFOPLIST_FILE = InstagramUITests/Info.plist;
				LD_RUNPATH_SEARCH_PATHS = (
					"$(inherited)",
					"@executable_path/Frameworks",
					"@loader_path/Frameworks",
				);
				PRODUCT_BUNDLE_IDENTIFIER = Techzia.InstagramUITests;
				PRODUCT_NAME = "$(TARGET_NAME)";
				SWIFT_VERSION = 5.0;
				TARGETED_DEVICE_FAMILY = "1,2";
				TEST_TARGET_NAME = Instagram;
			};
			name = Debug;
		};
		72E675F225738CE200A1C852 /* Release */ = {
			isa = XCBuildConfiguration;
			baseConfigurationReference = 66FDB5F24908FEFC234857B6 /* Pods-Instagram-InstagramUITests.release.xcconfig */;
			buildSettings = {
				ALWAYS_EMBED_SWIFT_STANDARD_LIBRARIES = YES;
				CODE_SIGN_STYLE = Automatic;
				DEVELOPMENT_TEAM = D9PPZUU246;
				INFOPLIST_FILE = InstagramUITests/Info.plist;
				LD_RUNPATH_SEARCH_PATHS = (
					"$(inherited)",
					"@executable_path/Frameworks",
					"@loader_path/Frameworks",
				);
				PRODUCT_BUNDLE_IDENTIFIER = Techzia.InstagramUITests;
				PRODUCT_NAME = "$(TARGET_NAME)";
				SWIFT_VERSION = 5.0;
				TARGETED_DEVICE_FAMILY = "1,2";
				TEST_TARGET_NAME = Instagram;
			};
			name = Release;
		};
/* End XCBuildConfiguration section */

/* Begin XCConfigurationList section */
		72E675BB25738CE100A1C852 /* Build configuration list for PBXProject "Instagram" */ = {
			isa = XCConfigurationList;
			buildConfigurations = (
				72E675E825738CE200A1C852 /* Debug */,
				72E675E925738CE200A1C852 /* Release */,
			);
			defaultConfigurationIsVisible = 0;
			defaultConfigurationName = Release;
		};
		72E675EA25738CE200A1C852 /* Build configuration list for PBXNativeTarget "Instagram" */ = {
			isa = XCConfigurationList;
			buildConfigurations = (
				72E675EB25738CE200A1C852 /* Debug */,
				72E675EC25738CE200A1C852 /* Release */,
			);
			defaultConfigurationIsVisible = 0;
			defaultConfigurationName = Release;
		};
		72E675ED25738CE200A1C852 /* Build configuration list for PBXNativeTarget "InstagramTests" */ = {
			isa = XCConfigurationList;
			buildConfigurations = (
				72E675EE25738CE200A1C852 /* Debug */,
				72E675EF25738CE200A1C852 /* Release */,
			);
			defaultConfigurationIsVisible = 0;
			defaultConfigurationName = Release;
		};
		72E675F025738CE200A1C852 /* Build configuration list for PBXNativeTarget "InstagramUITests" */ = {
			isa = XCConfigurationList;
			buildConfigurations = (
				72E675F125738CE200A1C852 /* Debug */,
				72E675F225738CE200A1C852 /* Release */,
			);
			defaultConfigurationIsVisible = 0;
			defaultConfigurationName = Release;
		};
/* End XCConfigurationList section */
	};
	rootObject = 72E675B825738CE100A1C852 /* Project object */;
}
